
Microsoft Visual Studio Solution File, Format Version 12.00
# Visual Studio 14
VisualStudioVersion = 14.0.25420.1
MinimumVisualStudioVersion = 10.0.40219.1
Project("{FAE04EC0-301F-11D3-BF4B-00C04F79EFBC}") = "Entidades", "Entidades\Entidades.csproj", "{129AE2A4-4F4B-46F0-A739-0372F585E537}"
EndProject
Project("{FAE04EC0-301F-11D3-BF4B-00C04F79EFBC}") = "Acceso_Datos", "Acceso_Datos\Acceso_Datos.csproj", "{59E40995-BA9C-4B29-A809-99CA3482763F}"
EndProject
Project("{FAE04EC0-301F-11D3-BF4B-00C04F79EFBC}") = "Dominio", "Dominio\Dominio.csproj", "{80E1F304-846C-4587-81CB-0186EEC25498}"
EndProject
Project("{FAE04EC0-301F-11D3-BF4B-00C04F79EFBC}") = "Presentacion", "Presentacion\Presentacion.csproj", "{3C2E298F-BA05-402D-B252-B5D0967C9F80}"
EndProject
Global
	GlobalSection(SolutionConfigurationPlatforms) = preSolution
		Debug|Any CPU = Debug|Any CPU
		Release|Any CPU = Release|Any CPU
	EndGlobalSection
	GlobalSection(ProjectConfigurationPlatforms) = postSolution
		{129AE2A4-4F4B-46F0-A739-0372F585E537}.Debug|Any CPU.ActiveCfg = Debug|Any CPU
		{129AE2A4-4F4B-46F0-A739-0372F585E537}.Debug|Any CPU.Build.0 = Debug|Any CPU
		{129AE2A4-4F4B-46F0-A739-0372F585E537}.Release|Any CPU.ActiveCfg = Release|Any CPU
		{129AE2A4-4F4B-46F0-A739-0372F585E537}.Release|Any CPU.Build.0 = Release|Any CPU
		{59E40995-BA9C-4B29-A809-99CA3482763F}.Debug|Any CPU.ActiveCfg = Debug|Any CPU
		{59E40995-BA9C-4B29-A809-99CA3482763F}.Debug|Any CPU.Build.0 = Debug|Any CPU
		{59E40995-BA9C-4B29-A809-99CA3482763F}.Release|Any CPU.ActiveCfg = Release|Any CPU
		{59E40995-BA9C-4B29-A809-99CA3482763F}.Release|Any CPU.Build.0 = Release|Any CPU
		{80E1F304-846C-4587-81CB-0186EEC25498}.Debug|Any CPU.ActiveCfg = Debug|Any CPU
		{80E1F304-846C-4587-81CB-0186EEC25498}.Debug|Any CPU.Build.0 = Debug|Any CPU
		{80E1F304-846C-4587-81CB-0186EEC25498}.Release|Any CPU.ActiveCfg = Release|Any CPU
		{80E1F304-846C-4587-81CB-0186EEC25498}.Release|Any CPU.Build.0 = Release|Any CPU
		{3C2E298F-BA05-402D-B252-B5D0967C9F80}.Debug|Any CPU.ActiveCfg = Debug|Any CPU
		{3C2E298F-BA05-402D-B252-B5D0967C9F80}.Debug|Any CPU.Build.0 = Debug|Any CPU
		{3C2E298F-BA05-402D-B252-B5D0967C9F80}.Release|Any CPU.ActiveCfg = Release|Any CPU
		{3C2E298F-BA05-402D-B252-B5D0967C9F80}.Release|Any CPU.Build.0 = Release|Any CPU
	EndGlobalSection
	GlobalSection(SolutionProperties) = preSolution
		HideSolutionNode = FALSE
	EndGlobalSection
EndGlobal
